{
  "name": "ajs-3.2",
  "version": "1.0.0",
  "lockfileVersion": 1,
  "requires": true,
  "dependencies": {
    "@i-hit/ajs-3.1": {
      "version": "1.0.0",
      "resolved": "https://npm.pkg.github.com/download/@i-hit/ajs-3.1/1.0.0/0dca1238423c8d8e3250f2f80f518421fe3f387597206c6f20de369ac2192402",
      "integrity": "sha512-Tjl7KnClSpygAhDMBU2Ukhr8hhEbp62jIu9n6QpvIqRq5glnibqNTrB3y2S4aHu38XAus8fbHiCh/ydkwuxsig=="
    }
  }
}
